
Microsoft Visual Studio Solution File, Format Version 12.00
# Visual Studio Version 17
VisualStudioVersion = 17.5.33502.453
MinimumVisualStudioVersion = 10.0.40219.1
Project("{FAE04EC0-301F-11D3-BF4B-00C04F79EFBC}") = "Workspace.WebApi", "Workspace.WebApi\Workspace.WebApi.csproj", "{9954C10E-50C2-40D9-8BFC-BCB6076B085D}"
EndProject
Project("{9A19103F-16F7-4668-BE54-9A1E7A4F7556}") = "Workspace.BLL", "Workspace.BLL\Workspace.BLL.csproj", "{0CA0E06C-9ECD-4E32-8DD7-5525CEDDFD87}"
EndProject
Project("{9A19103F-16F7-4668-BE54-9A1E7A4F7556}") = "Workspace.Core", "Workspace.Core\Workspace.Core.csproj", "{260C9681-8EC7-48C7-B16C-4FF35290F37F}"
EndProject
Project("{9A19103F-16F7-4668-BE54-9A1E7A4F7556}") = "Workspace.DAL", "Workspace.DAL\Workspace.DAL.csproj", "{0D822B3D-4604-4387-9079-753E60BB2AC5}"
EndProject
Global
	GlobalSection(SolutionConfigurationPlatforms) = preSolution
		Debug|Any CPU = Debug|Any CPU
		Release|Any CPU = Release|Any CPU
	EndGlobalSection
	GlobalSection(ProjectConfigurationPlatforms) = postSolution
		{9954C10E-50C2-40D9-8BFC-BCB6076B085D}.Debug|Any CPU.ActiveCfg = Debug|Any CPU
		{9954C10E-50C2-40D9-8BFC-BCB6076B085D}.Debug|Any CPU.Build.0 = Debug|Any CPU
		{9954C10E-50C2-40D9-8BFC-BCB6076B085D}.Release|Any CPU.ActiveCfg = Release|Any CPU
		{9954C10E-50C2-40D9-8BFC-BCB6076B085D}.Release|Any CPU.Build.0 = Release|Any CPU
		{0CA0E06C-9ECD-4E32-8DD7-5525CEDDFD87}.Debug|Any CPU.ActiveCfg = Debug|Any CPU
		{0CA0E06C-9ECD-4E32-8DD7-5525CEDDFD87}.Debug|Any CPU.Build.0 = Debug|Any CPU
		{0CA0E06C-9ECD-4E32-8DD7-5525CEDDFD87}.Release|Any CPU.ActiveCfg = Release|Any CPU
		{0CA0E06C-9ECD-4E32-8DD7-5525CEDDFD87}.Release|Any CPU.Build.0 = Release|Any CPU
		{260C9681-8EC7-48C7-B16C-4FF35290F37F}.Debug|Any CPU.ActiveCfg = Debug|Any CPU
		{260C9681-8EC7-48C7-B16C-4FF35290F37F}.Debug|Any CPU.Build.0 = Debug|Any CPU
		{260C9681-8EC7-48C7-B16C-4FF35290F37F}.Release|Any CPU.ActiveCfg = Release|Any CPU
		{260C9681-8EC7-48C7-B16C-4FF35290F37F}.Release|Any CPU.Build.0 = Release|Any CPU
		{0D822B3D-4604-4387-9079-753E60BB2AC5}.Debug|Any CPU.ActiveCfg = Debug|Any CPU
		{0D822B3D-4604-4387-9079-753E60BB2AC5}.Debug|Any CPU.Build.0 = Debug|Any CPU
		{0D822B3D-4604-4387-9079-753E60BB2AC5}.Release|Any CPU.ActiveCfg = Release|Any CPU
		{0D822B3D-4604-4387-9079-753E60BB2AC5}.Release|Any CPU.Build.0 = Release|Any CPU
	EndGlobalSection
	GlobalSection(SolutionProperties) = preSolution
		HideSolutionNode = FALSE
	EndGlobalSection
	GlobalSection(ExtensibilityGlobals) = postSolution
		SolutionGuid = {24DB3812-A871-4981-BD67-C8C81C73F056}
	EndGlobalSection
EndGlobal
